
Microsoft Visual Studio Solution File, Format Version 12.00
# Visual Studio 2012
Project("{FAE04EC0-301F-11D3-BF4B-00C04F79EFBC}") = "ProjectManagementTestOne", "ProjectManagementTestOne\ProjectManagementTestOne.csproj", "{55A6C2EC-6334-40B9-901D-D7F239F1CA95}"
EndProject
Project("{FAE04EC0-301F-11D3-BF4B-00C04F79EFBC}") = "DomainLibrary", "DomainLibrary\DomainLibrary.csproj", "{FB583C36-94FE-48C0-9275-C26026C2A1B2}"
EndProject
Project("{FAE04EC0-301F-11D3-BF4B-00C04F79EFBC}") = "ControllerLibrary", "ControllerLibrary\ControllerLibrary.csproj", "{0F5929D9-E5DA-4DA8-B31F-1E3856E3120A}"
EndProject
Global
	GlobalSection(SolutionConfigurationPlatforms) = preSolution
		Debug|Any CPU = Debug|Any CPU
		Debug|x64 = Debug|x64
		Debug|x86 = Debug|x86
		Release|Any CPU = Release|Any CPU
		Release|x64 = Release|x64
		Release|x86 = Release|x86
	EndGlobalSection
	GlobalSection(ProjectConfigurationPlatforms) = postSolution
		{55A6C2EC-6334-40B9-901D-D7F239F1CA95}.Debug|Any CPU.ActiveCfg = Debug|Any CPU
		{55A6C2EC-6334-40B9-901D-D7F239F1CA95}.Debug|Any CPU.Build.0 = Debug|Any CPU
		{55A6C2EC-6334-40B9-901D-D7F239F1CA95}.Debug|x64.ActiveCfg = Debug|x64
		{55A6C2EC-6334-40B9-901D-D7F239F1CA95}.Debug|x64.Build.0 = Debug|x64
		{55A6C2EC-6334-40B9-901D-D7F239F1CA95}.Debug|x86.ActiveCfg = Debug|x64
		{55A6C2EC-6334-40B9-901D-D7F239F1CA95}.Debug|x86.Build.0 = Debug|x64
		{55A6C2EC-6334-40B9-901D-D7F239F1CA95}.Release|Any CPU.ActiveCfg = Debug|Any CPU
		{55A6C2EC-6334-40B9-901D-D7F239F1CA95}.Release|Any CPU.Build.0 = Debug|Any CPU
		{55A6C2EC-6334-40B9-901D-D7F239F1CA95}.Release|x64.ActiveCfg = Release|x64
		{55A6C2EC-6334-40B9-901D-D7F239F1CA95}.Release|x64.Build.0 = Release|x64
		{55A6C2EC-6334-40B9-901D-D7F239F1CA95}.Release|x86.ActiveCfg = Release|x86
		{55A6C2EC-6334-40B9-901D-D7F239F1CA95}.Release|x86.Build.0 = Release|x86
		{FB583C36-94FE-48C0-9275-C26026C2A1B2}.Debug|Any CPU.ActiveCfg = Debug|Any CPU
		{FB583C36-94FE-48C0-9275-C26026C2A1B2}.Debug|Any CPU.Build.0 = Debug|Any CPU
		{FB583C36-94FE-48C0-9275-C26026C2A1B2}.Debug|x64.ActiveCfg = Debug|Any CPU
		{FB583C36-94FE-48C0-9275-C26026C2A1B2}.Debug|x86.ActiveCfg = Debug|Any CPU
		{FB583C36-94FE-48C0-9275-C26026C2A1B2}.Release|Any CPU.ActiveCfg = Release|Any CPU
		{FB583C36-94FE-48C0-9275-C26026C2A1B2}.Release|Any CPU.Build.0 = Release|Any CPU
		{FB583C36-94FE-48C0-9275-C26026C2A1B2}.Release|x64.ActiveCfg = Release|Any CPU
		{FB583C36-94FE-48C0-9275-C26026C2A1B2}.Release|x86.ActiveCfg = Release|Any CPU
		{0F5929D9-E5DA-4DA8-B31F-1E3856E3120A}.Debug|Any CPU.ActiveCfg = Debug|Any CPU
		{0F5929D9-E5DA-4DA8-B31F-1E3856E3120A}.Debug|Any CPU.Build.0 = Debug|Any CPU
		{0F5929D9-E5DA-4DA8-B31F-1E3856E3120A}.Debug|x64.ActiveCfg = Debug|Any CPU
		{0F5929D9-E5DA-4DA8-B31F-1E3856E3120A}.Debug|x86.ActiveCfg = Debug|Any CPU
		{0F5929D9-E5DA-4DA8-B31F-1E3856E3120A}.Release|Any CPU.ActiveCfg = Release|Any CPU
		{0F5929D9-E5DA-4DA8-B31F-1E3856E3120A}.Release|Any CPU.Build.0 = Release|Any CPU
		{0F5929D9-E5DA-4DA8-B31F-1E3856E3120A}.Release|x64.ActiveCfg = Release|Any CPU
		{0F5929D9-E5DA-4DA8-B31F-1E3856E3120A}.Release|x86.ActiveCfg = Release|Any CPU
	EndGlobalSection
	GlobalSection(SolutionProperties) = preSolution
		HideSolutionNode = FALSE
	EndGlobalSection
EndGlobal
